
Microsoft Visual Studio Solution File, Format Version 12.00
# Visual Studio Version 17
VisualStudioVersion = 17.11.35219.272
MinimumVisualStudioVersion = 10.0.40219.1
Project("{FAE04EC0-301F-11D3-BF4B-00C04F79EFBC}") = "Laboratorio5", "Laboratorio5\Laboratorio5.csproj", "{DE938A40-8560-420E-9E44-2A939D544DBA}"
EndProject
Project("{FAE04EC0-301F-11D3-BF4B-00C04F79EFBC}") = "Laboratorio52", "Laboratorio52\Laboratorio52.csproj", "{4F91C30D-993D-4D4E-9C86-99C9A6735113}"
EndProject
Project("{FAE04EC0-301F-11D3-BF4B-00C04F79EFBC}") = "Laboratorio53", "Laboratorio53\Laboratorio53.csproj", "{710957E6-3C9F-4DD0-A121-BC15086958C1}"
EndProject
Project("{FAE04EC0-301F-11D3-BF4B-00C04F79EFBC}") = "Laboratorio54", "Laboratorio54\Laboratorio54.csproj", "{962BE15B-E312-4CBC-BFC8-E1CDC4C66B78}"
EndProject
Project("{FAE04EC0-301F-11D3-BF4B-00C04F79EFBC}") = "Laboratorio55", "Laboratorio55\Laboratorio55.csproj", "{B3A2F344-4405-4D4E-AB5F-2B90ABB6B27A}"
EndProject
Project("{FAE04EC0-301F-11D3-BF4B-00C04F79EFBC}") = "Laboratorio56", "Laboratorio56\Laboratorio56.csproj", "{79F7131D-304B-4EAA-8839-536ECF6BDAC9}"
EndProject
Global
	GlobalSection(SolutionConfigurationPlatforms) = preSolution
		Debug|Any CPU = Debug|Any CPU
		Release|Any CPU = Release|Any CPU
	EndGlobalSection
	GlobalSection(ProjectConfigurationPlatforms) = postSolution
		{DE938A40-8560-420E-9E44-2A939D544DBA}.Debug|Any CPU.ActiveCfg = Debug|Any CPU
		{DE938A40-8560-420E-9E44-2A939D544DBA}.Debug|Any CPU.Build.0 = Debug|Any CPU
		{DE938A40-8560-420E-9E44-2A939D544DBA}.Release|Any CPU.ActiveCfg = Release|Any CPU
		{DE938A40-8560-420E-9E44-2A939D544DBA}.Release|Any CPU.Build.0 = Release|Any CPU
		{4F91C30D-993D-4D4E-9C86-99C9A6735113}.Debug|Any CPU.ActiveCfg = Debug|Any CPU
		{4F91C30D-993D-4D4E-9C86-99C9A6735113}.Debug|Any CPU.Build.0 = Debug|Any CPU
		{4F91C30D-993D-4D4E-9C86-99C9A6735113}.Release|Any CPU.ActiveCfg = Release|Any CPU
		{4F91C30D-993D-4D4E-9C86-99C9A6735113}.Release|Any CPU.Build.0 = Release|Any CPU
		{710957E6-3C9F-4DD0-A121-BC15086958C1}.Debug|Any CPU.ActiveCfg = Debug|Any CPU
		{710957E6-3C9F-4DD0-A121-BC15086958C1}.Debug|Any CPU.Build.0 = Debug|Any CPU
		{710957E6-3C9F-4DD0-A121-BC15086958C1}.Release|Any CPU.ActiveCfg = Release|Any CPU
		{710957E6-3C9F-4DD0-A121-BC15086958C1}.Release|Any CPU.Build.0 = Release|Any CPU
		{962BE15B-E312-4CBC-BFC8-E1CDC4C66B78}.Debug|Any CPU.ActiveCfg = Debug|Any CPU
		{962BE15B-E312-4CBC-BFC8-E1CDC4C66B78}.Debug|Any CPU.Build.0 = Debug|Any CPU
		{962BE15B-E312-4CBC-BFC8-E1CDC4C66B78}.Release|Any CPU.ActiveCfg = Release|Any CPU
		{962BE15B-E312-4CBC-BFC8-E1CDC4C66B78}.Release|Any CPU.Build.0 = Release|Any CPU
		{B3A2F344-4405-4D4E-AB5F-2B90ABB6B27A}.Debug|Any CPU.ActiveCfg = Debug|Any CPU
		{B3A2F344-4405-4D4E-AB5F-2B90ABB6B27A}.Debug|Any CPU.Build.0 = Debug|Any CPU
		{B3A2F344-4405-4D4E-AB5F-2B90ABB6B27A}.Release|Any CPU.ActiveCfg = Release|Any CPU
		{B3A2F344-4405-4D4E-AB5F-2B90ABB6B27A}.Release|Any CPU.Build.0 = Release|Any CPU
		{79F7131D-304B-4EAA-8839-536ECF6BDAC9}.Debug|Any CPU.ActiveCfg = Debug|Any CPU
		{79F7131D-304B-4EAA-8839-536ECF6BDAC9}.Debug|Any CPU.Build.0 = Debug|Any CPU
		{79F7131D-304B-4EAA-8839-536ECF6BDAC9}.Release|Any CPU.ActiveCfg = Release|Any CPU
		{79F7131D-304B-4EAA-8839-536ECF6BDAC9}.Release|Any CPU.Build.0 = Release|Any CPU
	EndGlobalSection
	GlobalSection(SolutionProperties) = preSolution
		HideSolutionNode = FALSE
	EndGlobalSection
	GlobalSection(ExtensibilityGlobals) = postSolution
		SolutionGuid = {74D0598C-9EE6-4AC5-87B6-C333FE3F5478}
	EndGlobalSection
EndGlobal
